
Microsoft Visual Studio Solution File, Format Version 12.00
# Visual Studio 15
VisualStudioVersion = 15.0.28307.1500
MinimumVisualStudioVersion = 10.0.40219.1
Project("{888888A0-9F3D-457C-B088-3A5042F75D52}") = "Crypto-Games", "Crypto-Games.pyproj", "{CAE0AEF8-5B8A-4826-8990-BDCCCA274CD3}"
EndProject
Global
	GlobalSection(SolutionConfigurationPlatforms) = preSolution
		Debug|Any CPU = Debug|Any CPU
		Release|Any CPU = Release|Any CPU
	EndGlobalSection
	GlobalSection(ProjectConfigurationPlatforms) = postSolution
		{CAE0AEF8-5B8A-4826-8990-BDCCCA274CD3}.Debug|Any CPU.ActiveCfg = Debug|Any CPU
		{CAE0AEF8-5B8A-4826-8990-BDCCCA274CD3}.Release|Any CPU.ActiveCfg = Release|Any CPU
	EndGlobalSection
	GlobalSection(SolutionProperties) = preSolution
		HideSolutionNode = FALSE
	EndGlobalSection
	GlobalSection(ExtensibilityGlobals) = postSolution
		SolutionGuid = {23684166-0CDE-4DA7-8715-F790A9CFC533}
	EndGlobalSection
EndGlobal
