
Microsoft Visual Studio Solution File, Format Version 12.00
# Visual Studio 15
VisualStudioVersion = 15.0.28307.1500
MinimumVisualStudioVersion = 10.0.40219.1
Project("{888888A0-9F3D-457C-B088-3A5042F75D52}") = "CryptoArcade", "CryptoArcade\CryptoArcade.pyproj", "{E398C352-27EC-4338-B0F6-F2003FB5B562}"
EndProject
Global
	GlobalSection(SolutionConfigurationPlatforms) = preSolution
		Debug|Any CPU = Debug|Any CPU
		Release|Any CPU = Release|Any CPU
	EndGlobalSection
	GlobalSection(ProjectConfigurationPlatforms) = postSolution
		{E398C352-27EC-4338-B0F6-F2003FB5B562}.Debug|Any CPU.ActiveCfg = Debug|Any CPU
		{E398C352-27EC-4338-B0F6-F2003FB5B562}.Release|Any CPU.ActiveCfg = Release|Any CPU
	EndGlobalSection
	GlobalSection(SolutionProperties) = preSolution
		HideSolutionNode = FALSE
	EndGlobalSection
	GlobalSection(ExtensibilityGlobals) = postSolution
		SolutionGuid = {982AE589-BDF5-42E2-B176-D98A52619897}
	EndGlobalSection
EndGlobal
